
Microsoft Visual Studio Solution File, Format Version 12.00
# Visual Studio Version 17
VisualStudioVersion = 17.3.32929.385
MinimumVisualStudioVersion = 10.0.40219.1
Project("{FAE04EC0-301F-11D3-BF4B-00C04F79EFBC}") = "Matrix", "Matrix\Matrix.csproj", "{509C0F51-CD3F-43AB-B4E0-F4D46A4C5EDE}"
EndProject
Project("{2150E333-8FDC-42A3-9474-1A3956D46DE8}") = "Solution Items", "Solution Items", "{59761A67-6B94-4F26-BF24-3D0CC3E1E52C}"
EndProject
Global
	GlobalSection(SolutionConfigurationPlatforms) = preSolution
		Debug|Any CPU = Debug|Any CPU
		Release|Any CPU = Release|Any CPU
	EndGlobalSection
	GlobalSection(ProjectConfigurationPlatforms) = postSolution
		{509C0F51-CD3F-43AB-B4E0-F4D46A4C5EDE}.Debug|Any CPU.ActiveCfg = Debug|Any CPU
		{509C0F51-CD3F-43AB-B4E0-F4D46A4C5EDE}.Debug|Any CPU.Build.0 = Debug|Any CPU
		{509C0F51-CD3F-43AB-B4E0-F4D46A4C5EDE}.Release|Any CPU.ActiveCfg = Release|Any CPU
		{509C0F51-CD3F-43AB-B4E0-F4D46A4C5EDE}.Release|Any CPU.Build.0 = Release|Any CPU
	EndGlobalSection
	GlobalSection(SolutionProperties) = preSolution
		HideSolutionNode = FALSE
	EndGlobalSection
	GlobalSection(ExtensibilityGlobals) = postSolution
		SolutionGuid = {DDE5DF7A-DB9F-4914-927E-8DB9012F8FDB}
	EndGlobalSection
EndGlobal
