
Microsoft Visual Studio Solution File, Format Version 12.00
Project("{FAE04EC0-301F-11D3-BF4B-00C04F79EFBC}") = "Bridge", "Bridge\Bridge.csproj", "{A7AEEC4B-47FE-4727-81D0-DA446591F6E1}"
EndProject
Global
	GlobalSection(SolutionConfigurationPlatforms) = preSolution
		Debug|Any CPU = Debug|Any CPU
		Release|Any CPU = Release|Any CPU
	EndGlobalSection
	GlobalSection(ProjectConfigurationPlatforms) = postSolution
		{A7AEEC4B-47FE-4727-81D0-DA446591F6E1}.Debug|Any CPU.ActiveCfg = Debug|Any CPU
		{A7AEEC4B-47FE-4727-81D0-DA446591F6E1}.Debug|Any CPU.Build.0 = Debug|Any CPU
		{A7AEEC4B-47FE-4727-81D0-DA446591F6E1}.Release|Any CPU.ActiveCfg = Release|Any CPU
		{A7AEEC4B-47FE-4727-81D0-DA446591F6E1}.Release|Any CPU.Build.0 = Release|Any CPU
	EndGlobalSection
EndGlobal
