
Microsoft Visual Studio Solution File, Format Version 12.00
# Visual Studio Version 17
VisualStudioVersion = 17.5.002.0
MinimumVisualStudioVersion = 10.0.40219.1
Project("{9A19103F-16F7-4668-BE54-9A1E7A4F7556}") = "Inheritancee", "Inheritancee.csproj", "{8349EB93-0913-4521-9827-2EAA1A02643E}"
EndProject
Global
	GlobalSection(SolutionConfigurationPlatforms) = preSolution
		Debug|Any CPU = Debug|Any CPU
		Release|Any CPU = Release|Any CPU
	EndGlobalSection
	GlobalSection(ProjectConfigurationPlatforms) = postSolution
		{8349EB93-0913-4521-9827-2EAA1A02643E}.Debug|Any CPU.ActiveCfg = Debug|Any CPU
		{8349EB93-0913-4521-9827-2EAA1A02643E}.Debug|Any CPU.Build.0 = Debug|Any CPU
		{8349EB93-0913-4521-9827-2EAA1A02643E}.Release|Any CPU.ActiveCfg = Release|Any CPU
		{8349EB93-0913-4521-9827-2EAA1A02643E}.Release|Any CPU.Build.0 = Release|Any CPU
	EndGlobalSection
	GlobalSection(SolutionProperties) = preSolution
		HideSolutionNode = FALSE
	EndGlobalSection
	GlobalSection(ExtensibilityGlobals) = postSolution
		SolutionGuid = {251E7C15-F330-48FD-B088-B6977196D2FA}
	EndGlobalSection
EndGlobal
