
Microsoft Visual Studio Solution File, Format Version 12.00
# Visual Studio Version 17
VisualStudioVersion = 17.5.002.0
MinimumVisualStudioVersion = 10.0.40219.1
Project("{9A19103F-16F7-4668-BE54-9A1E7A4F7556}") = "FibonacciOne", "FibonacciOne.csproj", "{EF7BA8F0-82A5-41D8-9C27-10E4EDC39CC8}"
EndProject
Global
	GlobalSection(SolutionConfigurationPlatforms) = preSolution
		Debug|Any CPU = Debug|Any CPU
		Release|Any CPU = Release|Any CPU
	EndGlobalSection
	GlobalSection(ProjectConfigurationPlatforms) = postSolution
		{EF7BA8F0-82A5-41D8-9C27-10E4EDC39CC8}.Debug|Any CPU.ActiveCfg = Debug|Any CPU
		{EF7BA8F0-82A5-41D8-9C27-10E4EDC39CC8}.Debug|Any CPU.Build.0 = Debug|Any CPU
		{EF7BA8F0-82A5-41D8-9C27-10E4EDC39CC8}.Release|Any CPU.ActiveCfg = Release|Any CPU
		{EF7BA8F0-82A5-41D8-9C27-10E4EDC39CC8}.Release|Any CPU.Build.0 = Release|Any CPU
	EndGlobalSection
	GlobalSection(SolutionProperties) = preSolution
		HideSolutionNode = FALSE
	EndGlobalSection
	GlobalSection(ExtensibilityGlobals) = postSolution
		SolutionGuid = {61987B33-72F4-4A22-8925-98FD70E640EA}
	EndGlobalSection
EndGlobal
