
Microsoft Visual Studio Solution File, Format Version 12.00
# Visual Studio Version 17
VisualStudioVersion = 17.3.32901.215
MinimumVisualStudioVersion = 10.0.40219.1
Project("{FAE04EC0-301F-11D3-BF4B-00C04F79EFBC}") = "matrix", "matrix\matrix.csproj", "{AD57B258-D1F8-4C3B-AC73-FE40CE04464F}"
EndProject
Global
	GlobalSection(SolutionConfigurationPlatforms) = preSolution
		Debug|Any CPU = Debug|Any CPU
		Release|Any CPU = Release|Any CPU
	EndGlobalSection
	GlobalSection(ProjectConfigurationPlatforms) = postSolution
		{AD57B258-D1F8-4C3B-AC73-FE40CE04464F}.Debug|Any CPU.ActiveCfg = Debug|Any CPU
		{AD57B258-D1F8-4C3B-AC73-FE40CE04464F}.Debug|Any CPU.Build.0 = Debug|Any CPU
		{AD57B258-D1F8-4C3B-AC73-FE40CE04464F}.Release|Any CPU.ActiveCfg = Release|Any CPU
		{AD57B258-D1F8-4C3B-AC73-FE40CE04464F}.Release|Any CPU.Build.0 = Release|Any CPU
	EndGlobalSection
	GlobalSection(SolutionProperties) = preSolution
		HideSolutionNode = FALSE
	EndGlobalSection
	GlobalSection(ExtensibilityGlobals) = postSolution
		SolutionGuid = {B2586B28-C146-43FF-986F-5185E4BAB503}
	EndGlobalSection
EndGlobal
