
Microsoft Visual Studio Solution File, Format Version 12.00
# Visual Studio Version 17
VisualStudioVersion = 17.3.32901.215
MinimumVisualStudioVersion = 10.0.40219.1
Project("{FAE04EC0-301F-11D3-BF4B-00C04F79EFBC}") = "fibonacci", "fibonacci\fibonacci.csproj", "{8977A885-4FD9-47BA-8F3F-0A788AB90CA6}"
EndProject
Global
	GlobalSection(SolutionConfigurationPlatforms) = preSolution
		Debug|Any CPU = Debug|Any CPU
		Release|Any CPU = Release|Any CPU
	EndGlobalSection
	GlobalSection(ProjectConfigurationPlatforms) = postSolution
		{8977A885-4FD9-47BA-8F3F-0A788AB90CA6}.Debug|Any CPU.ActiveCfg = Debug|Any CPU
		{8977A885-4FD9-47BA-8F3F-0A788AB90CA6}.Debug|Any CPU.Build.0 = Debug|Any CPU
		{8977A885-4FD9-47BA-8F3F-0A788AB90CA6}.Release|Any CPU.ActiveCfg = Release|Any CPU
		{8977A885-4FD9-47BA-8F3F-0A788AB90CA6}.Release|Any CPU.Build.0 = Release|Any CPU
	EndGlobalSection
	GlobalSection(SolutionProperties) = preSolution
		HideSolutionNode = FALSE
	EndGlobalSection
	GlobalSection(ExtensibilityGlobals) = postSolution
		SolutionGuid = {99778E08-F226-49E2-9621-98B9321B1DE4}
	EndGlobalSection
EndGlobal
