
Microsoft Visual Studio Solution File, Format Version 12.00
Project("{FAE04EC0-301F-11D3-BF4B-00C04F79EFBC}") = "Matrix_mult", "Matrix_mult\Matrix_mult.csproj", "{B39B1692-F7CE-4F81-BB78-BAABDCC04DA1}"
EndProject
Global
	GlobalSection(SolutionConfigurationPlatforms) = preSolution
		Debug|Any CPU = Debug|Any CPU
		Release|Any CPU = Release|Any CPU
	EndGlobalSection
	GlobalSection(ProjectConfigurationPlatforms) = postSolution
		{B39B1692-F7CE-4F81-BB78-BAABDCC04DA1}.Debug|Any CPU.ActiveCfg = Debug|Any CPU
		{B39B1692-F7CE-4F81-BB78-BAABDCC04DA1}.Debug|Any CPU.Build.0 = Debug|Any CPU
		{B39B1692-F7CE-4F81-BB78-BAABDCC04DA1}.Release|Any CPU.ActiveCfg = Release|Any CPU
		{B39B1692-F7CE-4F81-BB78-BAABDCC04DA1}.Release|Any CPU.Build.0 = Release|Any CPU
	EndGlobalSection
EndGlobal
