
Microsoft Visual Studio Solution File, Format Version 12.00
# Visual Studio Version 17
VisualStudioVersion = 17.5.002.0
MinimumVisualStudioVersion = 10.0.40219.1
Project("{9A19103F-16F7-4668-BE54-9A1E7A4F7556}") = "State", "State.csproj", "{EF394EA1-E014-4A2C-A77C-C523575AD6C9}"
EndProject
Global
	GlobalSection(SolutionConfigurationPlatforms) = preSolution
		Debug|Any CPU = Debug|Any CPU
		Release|Any CPU = Release|Any CPU
	EndGlobalSection
	GlobalSection(ProjectConfigurationPlatforms) = postSolution
		{EF394EA1-E014-4A2C-A77C-C523575AD6C9}.Debug|Any CPU.ActiveCfg = Debug|Any CPU
		{EF394EA1-E014-4A2C-A77C-C523575AD6C9}.Debug|Any CPU.Build.0 = Debug|Any CPU
		{EF394EA1-E014-4A2C-A77C-C523575AD6C9}.Release|Any CPU.ActiveCfg = Release|Any CPU
		{EF394EA1-E014-4A2C-A77C-C523575AD6C9}.Release|Any CPU.Build.0 = Release|Any CPU
	EndGlobalSection
	GlobalSection(SolutionProperties) = preSolution
		HideSolutionNode = FALSE
	EndGlobalSection
	GlobalSection(ExtensibilityGlobals) = postSolution
		SolutionGuid = {713F33EE-9AB4-4D74-898E-3EB521ED4CEB}
	EndGlobalSection
EndGlobal
